
Microsoft Visual Studio Solution File, Format Version 12.00
# Visual Studio Version 17
VisualStudioVersion = 17.7.34024.191
MinimumVisualStudioVersion = 10.0.40219.1
Project("{2150E333-8FDC-42A3-9474-1A3956D46DE8}") = "src", "src", "{A188C2FF-A0E9-4667-85C2-587A8F41244A}"
EndProject
Project("{FAE04EC0-301F-11D3-BF4B-00C04F79EFBC}") = "ApiGateway", "src\ApiGateway\ApiGateway.csproj", "{58272A73-F718-4FB7-AC07-64BC1B21E659}"
EndProject
Project("{FAE04EC0-301F-11D3-BF4B-00C04F79EFBC}") = "CustomerService", "src\CustomerService\CustomerService.csproj", "{0B08FCE5-6B94-4796-8E22-A0335421D481}"
EndProject
Project("{FAE04EC0-301F-11D3-BF4B-00C04F79EFBC}") = "ProductService", "src\ProductService\ProductService.csproj", "{B41BAC30-14B5-4638-AC8C-555E19B06DBA}"
EndProject
Global
	GlobalSection(SolutionConfigurationPlatforms) = preSolution
		Debug|Any CPU = Debug|Any CPU
		Release|Any CPU = Release|Any CPU
	EndGlobalSection
	GlobalSection(ProjectConfigurationPlatforms) = postSolution
		{58272A73-F718-4FB7-AC07-64BC1B21E659}.Debug|Any CPU.ActiveCfg = Debug|Any CPU
		{58272A73-F718-4FB7-AC07-64BC1B21E659}.Debug|Any CPU.Build.0 = Debug|Any CPU
		{58272A73-F718-4FB7-AC07-64BC1B21E659}.Release|Any CPU.ActiveCfg = Release|Any CPU
		{58272A73-F718-4FB7-AC07-64BC1B21E659}.Release|Any CPU.Build.0 = Release|Any CPU
		{0B08FCE5-6B94-4796-8E22-A0335421D481}.Debug|Any CPU.ActiveCfg = Debug|Any CPU
		{0B08FCE5-6B94-4796-8E22-A0335421D481}.Debug|Any CPU.Build.0 = Debug|Any CPU
		{0B08FCE5-6B94-4796-8E22-A0335421D481}.Release|Any CPU.ActiveCfg = Release|Any CPU
		{0B08FCE5-6B94-4796-8E22-A0335421D481}.Release|Any CPU.Build.0 = Release|Any CPU
		{B41BAC30-14B5-4638-AC8C-555E19B06DBA}.Debug|Any CPU.ActiveCfg = Debug|Any CPU
		{B41BAC30-14B5-4638-AC8C-555E19B06DBA}.Debug|Any CPU.Build.0 = Debug|Any CPU
		{B41BAC30-14B5-4638-AC8C-555E19B06DBA}.Release|Any CPU.ActiveCfg = Release|Any CPU
		{B41BAC30-14B5-4638-AC8C-555E19B06DBA}.Release|Any CPU.Build.0 = Release|Any CPU
	EndGlobalSection
	GlobalSection(SolutionProperties) = preSolution
		HideSolutionNode = FALSE
	EndGlobalSection
	GlobalSection(NestedProjects) = preSolution
		{58272A73-F718-4FB7-AC07-64BC1B21E659} = {A188C2FF-A0E9-4667-85C2-587A8F41244A}
		{0B08FCE5-6B94-4796-8E22-A0335421D481} = {A188C2FF-A0E9-4667-85C2-587A8F41244A}
		{B41BAC30-14B5-4638-AC8C-555E19B06DBA} = {A188C2FF-A0E9-4667-85C2-587A8F41244A}
	EndGlobalSection
	GlobalSection(ExtensibilityGlobals) = postSolution
		SolutionGuid = {A69D09FB-03F6-4884-82B6-4F6491F734CE}
	EndGlobalSection
EndGlobal
